
Microsoft Visual Studio Solution File, Format Version 12.00
# Visual Studio Version 16
VisualStudioVersion = 16.0.29920.165
MinimumVisualStudioVersion = 10.0.40219.1
Project("{9A19103F-16F7-4668-BE54-9A1E7A4F7556}") = "DoplTechnologies.Sdk", "DoplTechnologies.Sdk\DoplTechnologies.Sdk.csproj", "{B8A9F80C-4CE7-405C-B927-9E673BB0B3A2}"
EndProject
Project("{FAE04EC0-301F-11D3-BF4B-00C04F79EFBC}") = "DoplTechnologies.Sdk.Tests", "DoplTechnologies.Sdk.Tests\DoplTechnologies.Sdk.Tests.csproj", "{E4B30B1F-7407-443B-95B4-22A6A6135647}"
EndProject
Global
	GlobalSection(SolutionConfigurationPlatforms) = preSolution
		Debug|Any CPU = Debug|Any CPU
		Release|Any CPU = Release|Any CPU
	EndGlobalSection
	GlobalSection(ProjectConfigurationPlatforms) = postSolution
		{B8A9F80C-4CE7-405C-B927-9E673BB0B3A2}.Debug|Any CPU.ActiveCfg = Debug|Any CPU
		{B8A9F80C-4CE7-405C-B927-9E673BB0B3A2}.Debug|Any CPU.Build.0 = Debug|Any CPU
		{B8A9F80C-4CE7-405C-B927-9E673BB0B3A2}.Release|Any CPU.ActiveCfg = Release|Any CPU
		{B8A9F80C-4CE7-405C-B927-9E673BB0B3A2}.Release|Any CPU.Build.0 = Release|Any CPU
		{4421966A-0F01-4C27-A35F-37D32A36E061}.Debug|Any CPU.ActiveCfg = Debug|Any CPU
		{4421966A-0F01-4C27-A35F-37D32A36E061}.Debug|Any CPU.Build.0 = Debug|Any CPU
		{4421966A-0F01-4C27-A35F-37D32A36E061}.Release|Any CPU.ActiveCfg = Release|Any CPU
		{4421966A-0F01-4C27-A35F-37D32A36E061}.Release|Any CPU.Build.0 = Release|Any CPU
		{E4B30B1F-7407-443B-95B4-22A6A6135647}.Debug|Any CPU.ActiveCfg = Debug|Any CPU
		{E4B30B1F-7407-443B-95B4-22A6A6135647}.Debug|Any CPU.Build.0 = Debug|Any CPU
		{E4B30B1F-7407-443B-95B4-22A6A6135647}.Release|Any CPU.ActiveCfg = Release|Any CPU
		{E4B30B1F-7407-443B-95B4-22A6A6135647}.Release|Any CPU.Build.0 = Release|Any CPU
	EndGlobalSection
	GlobalSection(SolutionProperties) = preSolution
		HideSolutionNode = FALSE
	EndGlobalSection
	GlobalSection(ExtensibilityGlobals) = postSolution
		SolutionGuid = {1E106616-4E1E-4E35-820B-D7BBCF094D1F}
	EndGlobalSection
EndGlobal
